
Microsoft Visual Studio Solution File, Format Version 12.00
# Visual Studio Version 17
VisualStudioVersion = 17.0.31919.166
MinimumVisualStudioVersion = 10.0.40219.1
Project("{FAE04EC0-301F-11D3-BF4B-00C04F79EFBC}") = "UCom", "UCom\UCom.csproj", "{64F6A88F-9423-4F5D-BBB6-82C1F60A4204}"
EndProject
Global
	GlobalSection(SolutionConfigurationPlatforms) = preSolution
		Debug|Any CPU = Debug|Any CPU
		Release|Any CPU = Release|Any CPU
	EndGlobalSection
	GlobalSection(ProjectConfigurationPlatforms) = postSolution
		{64F6A88F-9423-4F5D-BBB6-82C1F60A4204}.Debug|Any CPU.ActiveCfg = Debug|Any CPU
		{64F6A88F-9423-4F5D-BBB6-82C1F60A4204}.Debug|Any CPU.Build.0 = Debug|Any CPU
		{64F6A88F-9423-4F5D-BBB6-82C1F60A4204}.Release|Any CPU.ActiveCfg = Release|Any CPU
		{64F6A88F-9423-4F5D-BBB6-82C1F60A4204}.Release|Any CPU.Build.0 = Release|Any CPU
	EndGlobalSection
	GlobalSection(SolutionProperties) = preSolution
		HideSolutionNode = FALSE
	EndGlobalSection
	GlobalSection(ExtensibilityGlobals) = postSolution
		SolutionGuid = {FFB9A28E-105B-49CD-8C65-04AACF395B11}
	EndGlobalSection
EndGlobal
